
Microsoft Visual Studio Solution File, Format Version 12.00
# Visual Studio Version 16
VisualStudioVersion = 16.0.31424.327
MinimumVisualStudioVersion = 10.0.40219.1
Project("{FAE04EC0-301F-11D3-BF4B-00C04F79EFBC}") = "StudentInfo", "StudentInfo.csproj", "{5AD6F3D1-9E13-4ECB-95CB-9945AC9B8CEF}"
EndProject
Global
	GlobalSection(SolutionConfigurationPlatforms) = preSolution
		Debug|Any CPU = Debug|Any CPU
		Release|Any CPU = Release|Any CPU
	EndGlobalSection
	GlobalSection(ProjectConfigurationPlatforms) = postSolution
		{5AD6F3D1-9E13-4ECB-95CB-9945AC9B8CEF}.Debug|Any CPU.ActiveCfg = Debug|Any CPU
		{5AD6F3D1-9E13-4ECB-95CB-9945AC9B8CEF}.Debug|Any CPU.Build.0 = Debug|Any CPU
		{5AD6F3D1-9E13-4ECB-95CB-9945AC9B8CEF}.Release|Any CPU.ActiveCfg = Release|Any CPU
		{5AD6F3D1-9E13-4ECB-95CB-9945AC9B8CEF}.Release|Any CPU.Build.0 = Release|Any CPU
	EndGlobalSection
	GlobalSection(SolutionProperties) = preSolution
		HideSolutionNode = FALSE
	EndGlobalSection
	GlobalSection(ExtensibilityGlobals) = postSolution
		SolutionGuid = {F236FD00-5333-4888-8EB8-C510C6CF15DA}
	EndGlobalSection
EndGlobal
