
Microsoft Visual Studio Solution File, Format Version 12.00
# Visual Studio Version 16
VisualStudioVersion = 16.0.31424.327
MinimumVisualStudioVersion = 10.0.40219.1
Project("{FAE04EC0-301F-11D3-BF4B-00C04F79EFBC}") = "WebServiceProject", "WebServiceProject.csproj", "{675E4722-587E-4018-B6B4-28270DB80880}"
EndProject
Project("{FAE04EC0-301F-11D3-BF4B-00C04F79EFBC}") = "CalculatorWebApp", "..\CalculatorWebApp\CalculatorWebApp.csproj", "{FF5D1C09-912C-4225-B0B2-BA03E651A1D2}"
	ProjectSection(ProjectDependencies) = postProject
		{675E4722-587E-4018-B6B4-28270DB80880} = {675E4722-587E-4018-B6B4-28270DB80880}
	EndProjectSection
EndProject
Global
	GlobalSection(SolutionConfigurationPlatforms) = preSolution
		Debug|Any CPU = Debug|Any CPU
		Release|Any CPU = Release|Any CPU
	EndGlobalSection
	GlobalSection(ProjectConfigurationPlatforms) = postSolution
		{675E4722-587E-4018-B6B4-28270DB80880}.Debug|Any CPU.ActiveCfg = Debug|Any CPU
		{675E4722-587E-4018-B6B4-28270DB80880}.Debug|Any CPU.Build.0 = Debug|Any CPU
		{675E4722-587E-4018-B6B4-28270DB80880}.Release|Any CPU.ActiveCfg = Release|Any CPU
		{675E4722-587E-4018-B6B4-28270DB80880}.Release|Any CPU.Build.0 = Release|Any CPU
		{FF5D1C09-912C-4225-B0B2-BA03E651A1D2}.Debug|Any CPU.ActiveCfg = Debug|Any CPU
		{FF5D1C09-912C-4225-B0B2-BA03E651A1D2}.Debug|Any CPU.Build.0 = Debug|Any CPU
		{FF5D1C09-912C-4225-B0B2-BA03E651A1D2}.Release|Any CPU.ActiveCfg = Release|Any CPU
		{FF5D1C09-912C-4225-B0B2-BA03E651A1D2}.Release|Any CPU.Build.0 = Release|Any CPU
	EndGlobalSection
	GlobalSection(SolutionProperties) = preSolution
		HideSolutionNode = FALSE
	EndGlobalSection
	GlobalSection(ExtensibilityGlobals) = postSolution
		SolutionGuid = {E5D5778E-09D0-47CF-B04A-74030BA64A5B}
	EndGlobalSection
EndGlobal
